// !$*UTF8*$!
{
	archiveVersion = 1;
	classes = {
	};
	objectVersion = 50;
	objects = {

/* Begin PBXBuildFile section */
		B82D2FA02696D95A000E70B7 /* Run+CoreDataClass.swift in Sources */ = {isa = PBXBuildFile; fileRef = B82D2F982696D95A000E70B7 /* Run+CoreDataClass.swift */; };
		B82D2FA12696D95A000E70B7 /* Run+CoreDataProperties.swift in Sources */ = {isa = PBXBuildFile; fileRef = B82D2F992696D95A000E70B7 /* Run+CoreDataProperties.swift */; };
		B82D2FA62696D95A000E70B7 /* Location+CoreDataClass.swift in Sources */ = {isa = PBXBuildFile; fileRef = B82D2F9E2696D95A000E70B7 /* Location+CoreDataClass.swift */; };
		B82D2FA72696D95A000E70B7 /* Location+CoreDataProperties.swift in Sources */ = {isa = PBXBuildFile; fileRef = B82D2F9F2696D95A000E70B7 /* Location+CoreDataProperties.swift */; };
		B82D2FB12696FA0C000E70B7 /* preLoadCoreDataStack.swift in Sources */ = {isa = PBXBuildFile; fileRef = B82D2FB02696FA0C000E70B7 /* preLoadCoreDataStack.swift */; };
		B82D2FB42696FB19000E70B7 /* preLoadRoutes.xcdatamodeld in Sources */ = {isa = PBXBuildFile; fileRef = B82D2FB22696FB19000E70B7 /* preLoadRoutes.xcdatamodeld */; };
		B82D2FB92696FC08000E70B7 /* PreLoadRun+CoreDataClass.swift in Sources */ = {isa = PBXBuildFile; fileRef = B82D2FB52696FC08000E70B7 /* PreLoadRun+CoreDataClass.swift */; };
		B82D2FBA2696FC08000E70B7 /* PreLoadRun+CoreDataProperties.swift in Sources */ = {isa = PBXBuildFile; fileRef = B82D2FB62696FC08000E70B7 /* PreLoadRun+CoreDataProperties.swift */; };
		B82D2FBB2696FC08000E70B7 /* PreLoadLocation+CoreDataClass.swift in Sources */ = {isa = PBXBuildFile; fileRef = B82D2FB72696FC08000E70B7 /* PreLoadLocation+CoreDataClass.swift */; };
		B82D2FBC2696FC08000E70B7 /* PreLoadLocation+CoreDataProperties.swift in Sources */ = {isa = PBXBuildFile; fileRef = B82D2FB82696FC08000E70B7 /* PreLoadLocation+CoreDataProperties.swift */; };
		B8563C0A2694461200FA20B9 /* personalPageViewController.swift in Sources */ = {isa = PBXBuildFile; fileRef = B8563C092694461200FA20B9 /* personalPageViewController.swift */; };
		B8BBF9E6268B49E100CEBE4B /* routesViewController.swift in Sources */ = {isa = PBXBuildFile; fileRef = B8BBF9E5268B49E100CEBE4B /* routesViewController.swift */; };
		B8BBF9E8268B501900CEBE4B /* leaderboardViewController.swift in Sources */ = {isa = PBXBuildFile; fileRef = B8BBF9E7268B501900CEBE4B /* leaderboardViewController.swift */; };
		B8CFABF1268477D7008E2F73 /* AppDelegate.swift in Sources */ = {isa = PBXBuildFile; fileRef = B8CFABF0268477D7008E2F73 /* AppDelegate.swift */; };
		B8CFABF3268477D7008E2F73 /* SceneDelegate.swift in Sources */ = {isa = PBXBuildFile; fileRef = B8CFABF2268477D7008E2F73 /* SceneDelegate.swift */; };
		B8CFABF5268477D7008E2F73 /* firstViewController.swift in Sources */ = {isa = PBXBuildFile; fileRef = B8CFABF4268477D7008E2F73 /* firstViewController.swift */; };
		B8CFABF8268477D7008E2F73 /* Main.storyboard in Resources */ = {isa = PBXBuildFile; fileRef = B8CFABF6268477D7008E2F73 /* Main.storyboard */; };
		B8CFABFB268477D7008E2F73 /* RunningProject.xcdatamodeld in Sources */ = {isa = PBXBuildFile; fileRef = B8CFABF9268477D7008E2F73 /* RunningProject.xcdatamodeld */; };
		B8CFABFD268477DA008E2F73 /* Assets.xcassets in Resources */ = {isa = PBXBuildFile; fileRef = B8CFABFC268477DA008E2F73 /* Assets.xcassets */; };
		B8CFAC00268477DA008E2F73 /* LaunchScreen.storyboard in Resources */ = {isa = PBXBuildFile; fileRef = B8CFABFE268477DA008E2F73 /* LaunchScreen.storyboard */; };
		B8CFAC0826847A92008E2F73 /* secondViewController.swift in Sources */ = {isa = PBXBuildFile; fileRef = B8CFAC0726847A92008E2F73 /* secondViewController.swift */; };
		B8CFAC0A26847ABE008E2F73 /* thirdViewController.swift in Sources */ = {isa = PBXBuildFile; fileRef = B8CFAC0926847ABE008E2F73 /* thirdViewController.swift */; };
		B8CFAC0C2684854D008E2F73 /* CoreDataStack.swift in Sources */ = {isa = PBXBuildFile; fileRef = B8CFAC0B2684854C008E2F73 /* CoreDataStack.swift */; };
		B8CFAC10268498F6008E2F73 /* FormatDisplay.swift in Sources */ = {isa = PBXBuildFile; fileRef = B8CFAC0F268498F6008E2F73 /* FormatDisplay.swift */; };
/* End PBXBuildFile section */

/* Begin PBXFileReference section */
		B82D2F982696D95A000E70B7 /* Run+CoreDataClass.swift */ = {isa = PBXFileReference; lastKnownFileType = sourcecode.swift; path = "Run+CoreDataClass.swift"; sourceTree = "<group>"; };
		B82D2F992696D95A000E70B7 /* Run+CoreDataProperties.swift */ = {isa = PBXFileReference; lastKnownFileType = sourcecode.swift; path = "Run+CoreDataProperties.swift"; sourceTree = "<group>"; };
		B82D2F9E2696D95A000E70B7 /* Location+CoreDataClass.swift */ = {isa = PBXFileReference; lastKnownFileType = sourcecode.swift; path = "Location+CoreDataClass.swift"; sourceTree = "<group>"; };
		B82D2F9F2696D95A000E70B7 /* Location+CoreDataProperties.swift */ = {isa = PBXFileReference; lastKnownFileType = sourcecode.swift; path = "Location+CoreDataProperties.swift"; sourceTree = "<group>"; };
		B82D2FB02696FA0C000E70B7 /* preLoadCoreDataStack.swift */ = {isa = PBXFileReference; lastKnownFileType = sourcecode.swift; path = preLoadCoreDataStack.swift; sourceTree = "<group>"; };
		B82D2FB32696FB19000E70B7 /* preLoadRoutes.xcdatamodel */ = {isa = PBXFileReference; lastKnownFileType = wrapper.xcdatamodel; path = preLoadRoutes.xcdatamodel; sourceTree = "<group>"; };
		B82D2FB52696FC08000E70B7 /* PreLoadRun+CoreDataClass.swift */ = {isa = PBXFileReference; lastKnownFileType = sourcecode.swift; path = "PreLoadRun+CoreDataClass.swift"; sourceTree = "<group>"; };
		B82D2FB62696FC08000E70B7 /* PreLoadRun+CoreDataProperties.swift */ = {isa = PBXFileReference; lastKnownFileType = sourcecode.swift; path = "PreLoadRun+CoreDataProperties.swift"; sourceTree = "<group>"; };
		B82D2FB72696FC08000E70B7 /* PreLoadLocation+CoreDataClass.swift */ = {isa = PBXFileReference; lastKnownFileType = sourcecode.swift; path = "PreLoadLocation+CoreDataClass.swift"; sourceTree = "<group>"; };
		B82D2FB82696FC08000E70B7 /* PreLoadLocation+CoreDataProperties.swift */ = {isa = PBXFileReference; lastKnownFileType = sourcecode.swift; path = "PreLoadLocation+CoreDataProperties.swift"; sourceTree = "<group>"; };
		B8563C092694461200FA20B9 /* personalPageViewController.swift */ = {isa = PBXFileReference; lastKnownFileType = sourcecode.swift; path = personalPageViewController.swift; sourceTree = "<group>"; };
		B8BBF9E5268B49E100CEBE4B /* routesViewController.swift */ = {isa = PBXFileReference; lastKnownFileType = sourcecode.swift; path = routesViewController.swift; sourceTree = "<group>"; };
		B8BBF9E7268B501900CEBE4B /* leaderboardViewController.swift */ = {isa = PBXFileReference; lastKnownFileType = sourcecode.swift; path = leaderboardViewController.swift; sourceTree = "<group>"; };
		B8CFABED268477D7008E2F73 /* RunningProject.app */ = {isa = PBXFileReference; explicitFileType = wrapper.application; includeInIndex = 0; path = RunningProject.app; sourceTree = BUILT_PRODUCTS_DIR; };
		B8CFABF0268477D7008E2F73 /* AppDelegate.swift */ = {isa = PBXFileReference; lastKnownFileType = sourcecode.swift; path = AppDelegate.swift; sourceTree = "<group>"; };
		B8CFABF2268477D7008E2F73 /* SceneDelegate.swift */ = {isa = PBXFileReference; lastKnownFileType = sourcecode.swift; path = SceneDelegate.swift; sourceTree = "<group>"; };
		B8CFABF4268477D7008E2F73 /* firstViewController.swift */ = {isa = PBXFileReference; lastKnownFileType = sourcecode.swift; path = firstViewController.swift; sourceTree = "<group>"; };
		B8CFABF7268477D7008E2F73 /* Base */ = {isa = PBXFileReference; lastKnownFileType = file.storyboard; name = Base; path = Base.lproj/Main.storyboard; sourceTree = "<group>"; };
		B8CFABFA268477D7008E2F73 /* RunningProject.xcdatamodel */ = {isa = PBXFileReference; lastKnownFileType = wrapper.xcdatamodel; path = RunningProject.xcdatamodel; sourceTree = "<group>"; };
		B8CFABFC268477DA008E2F73 /* Assets.xcassets */ = {isa = PBXFileReference; lastKnownFileType = folder.assetcatalog; path = Assets.xcassets; sourceTree = "<group>"; };
		B8CFABFF268477DA008E2F73 /* Base */ = {isa = PBXFileReference; lastKnownFileType = file.storyboard; name = Base; path = Base.lproj/LaunchScreen.storyboard; sourceTree = "<group>"; };
		B8CFAC01268477DA008E2F73 /* Info.plist */ = {isa = PBXFileReference; lastKnownFileType = text.plist.xml; path = Info.plist; sourceTree = "<group>"; };
		B8CFAC0726847A92008E2F73 /* secondViewController.swift */ = {isa = PBXFileReference; lastKnownFileType = sourcecode.swift; path = secondViewController.swift; sourceTree = "<group>"; };
		B8CFAC0926847ABE008E2F73 /* thirdViewController.swift */ = {isa = PBXFileReference; lastKnownFileType = sourcecode.swift; path = thirdViewController.swift; sourceTree = "<group>"; };
		B8CFAC0B2684854C008E2F73 /* CoreDataStack.swift */ = {isa = PBXFileReference; lastKnownFileType = sourcecode.swift; path = CoreDataStack.swift; sourceTree = "<group>"; };
		B8CFAC0F268498F6008E2F73 /* FormatDisplay.swift */ = {isa = PBXFileReference; lastKnownFileType = sourcecode.swift; path = FormatDisplay.swift; sourceTree = "<group>"; };
/* End PBXFileReference section */

/* Begin PBXFrameworksBuildPhase section */
		B8CFABEA268477D7008E2F73 /* Frameworks */ = {
			isa = PBXFrameworksBuildPhase;
			buildActionMask = 2147483647;
			files = (
			);
			runOnlyForDeploymentPostprocessing = 0;
		};
/* End PBXFrameworksBuildPhase section */

/* Begin PBXGroup section */
		B8563C0B26944A4E00FA20B9 /* Viewcontrollers */ = {
			isa = PBXGroup;
			children = (
				B8CFABF4268477D7008E2F73 /* firstViewController.swift */,
				B8CFAC0726847A92008E2F73 /* secondViewController.swift */,
				B8CFAC0926847ABE008E2F73 /* thirdViewController.swift */,
				B8BBF9E5268B49E100CEBE4B /* routesViewController.swift */,
				B8BBF9E7268B501900CEBE4B /* leaderboardViewController.swift */,
				B8563C092694461200FA20B9 /* personalPageViewController.swift */,
			);
			path = Viewcontrollers;
			sourceTree = "<group>";
		};
		B8563C1D26946ACD00FA20B9 /* Model */ = {
			isa = PBXGroup;
			children = (
				B82D2FB52696FC08000E70B7 /* PreLoadRun+CoreDataClass.swift */,
				B82D2FB62696FC08000E70B7 /* PreLoadRun+CoreDataProperties.swift */,
				B82D2FB72696FC08000E70B7 /* PreLoadLocation+CoreDataClass.swift */,
				B82D2FB82696FC08000E70B7 /* PreLoadLocation+CoreDataProperties.swift */,
				B82D2F982696D95A000E70B7 /* Run+CoreDataClass.swift */,
				B82D2F992696D95A000E70B7 /* Run+CoreDataProperties.swift */,
				B82D2F9E2696D95A000E70B7 /* Location+CoreDataClass.swift */,
				B82D2F9F2696D95A000E70B7 /* Location+CoreDataProperties.swift */,
			);
			path = Model;
			sourceTree = "<group>";
		};
		B8CFABE4268477D7008E2F73 = {
			isa = PBXGroup;
			children = (
				B8CFABEF268477D7008E2F73 /* RunningProject */,
				B8CFABEE268477D7008E2F73 /* Products */,
			);
			sourceTree = "<group>";
		};
		B8CFABEE268477D7008E2F73 /* Products */ = {
			isa = PBXGroup;
			children = (
				B8CFABED268477D7008E2F73 /* RunningProject.app */,
			);
			name = Products;
			sourceTree = "<group>";
		};
		B8CFABEF268477D7008E2F73 /* RunningProject */ = {
			isa = PBXGroup;
			children = (
				B8563C1D26946ACD00FA20B9 /* Model */,
				B8563C0B26944A4E00FA20B9 /* Viewcontrollers */,
				B8CFABF0268477D7008E2F73 /* AppDelegate.swift */,
				B8CFABF2268477D7008E2F73 /* SceneDelegate.swift */,
				B8CFABF6268477D7008E2F73 /* Main.storyboard */,
				B8CFABFC268477DA008E2F73 /* Assets.xcassets */,
				B8CFABFE268477DA008E2F73 /* LaunchScreen.storyboard */,
				B8CFAC01268477DA008E2F73 /* Info.plist */,
				B8CFABF9268477D7008E2F73 /* RunningProject.xcdatamodeld */,
				B82D2FB22696FB19000E70B7 /* preLoadRoutes.xcdatamodeld */,
				B8CFAC0B2684854C008E2F73 /* CoreDataStack.swift */,
				B82D2FB02696FA0C000E70B7 /* preLoadCoreDataStack.swift */,
				B8CFAC0F268498F6008E2F73 /* FormatDisplay.swift */,
			);
			path = RunningProject;
			sourceTree = "<group>";
		};
/* End PBXGroup section */

/* Begin PBXNativeTarget section */
		B8CFABEC268477D7008E2F73 /* RunningProject */ = {
			isa = PBXNativeTarget;
			buildConfigurationList = B8CFAC04268477DA008E2F73 /* Build configuration list for PBXNativeTarget "RunningProject" */;
			buildPhases = (
				B8CFABE9268477D7008E2F73 /* Sources */,
				B8CFABEA268477D7008E2F73 /* Frameworks */,
				B8CFABEB268477D7008E2F73 /* Resources */,
			);
			buildRules = (
			);
			dependencies = (
			);
			name = RunningProject;
			productName = RunningProject;
			productReference = B8CFABED268477D7008E2F73 /* RunningProject.app */;
			productType = "com.apple.product-type.application";
		};
/* End PBXNativeTarget section */

/* Begin PBXProject section */
		B8CFABE5268477D7008E2F73 /* Project object */ = {
			isa = PBXProject;
			attributes = {
				LastSwiftUpdateCheck = 1250;
				LastUpgradeCheck = 1250;
				TargetAttributes = {
					B8CFABEC268477D7008E2F73 = {
						CreatedOnToolsVersion = 12.5;
					};
				};
			};
			buildConfigurationList = B8CFABE8268477D7008E2F73 /* Build configuration list for PBXProject "RunningProject" */;
			compatibilityVersion = "Xcode 9.3";
			developmentRegion = en;
			hasScannedForEncodings = 0;
			knownRegions = (
				en,
				Base,
			);
			mainGroup = B8CFABE4268477D7008E2F73;
			productRefGroup = B8CFABEE268477D7008E2F73 /* Products */;
			projectDirPath = "";
			projectRoot = "";
			targets = (
				B8CFABEC268477D7008E2F73 /* RunningProject */,
			);
		};
/* End PBXProject section */

/* Begin PBXResourcesBuildPhase section */
		B8CFABEB268477D7008E2F73 /* Resources */ = {
			isa = PBXResourcesBuildPhase;
			buildActionMask = 2147483647;
			files = (
				B8CFAC00268477DA008E2F73 /* LaunchScreen.storyboard in Resources */,
				B8CFABFD268477DA008E2F73 /* Assets.xcassets in Resources */,
				B8CFABF8268477D7008E2F73 /* Main.storyboard in Resources */,
			);
			runOnlyForDeploymentPostprocessing = 0;
		};
/* End PBXResourcesBuildPhase section */

/* Begin PBXSourcesBuildPhase section */
		B8CFABE9268477D7008E2F73 /* Sources */ = {
			isa = PBXSourcesBuildPhase;
			buildActionMask = 2147483647;
			files = (
				B8BBF9E8268B501900CEBE4B /* leaderboardViewController.swift in Sources */,
				B82D2FB12696FA0C000E70B7 /* preLoadCoreDataStack.swift in Sources */,
				B8CFAC0C2684854D008E2F73 /* CoreDataStack.swift in Sources */,
				B82D2FB92696FC08000E70B7 /* PreLoadRun+CoreDataClass.swift in Sources */,
				B8CFABF5268477D7008E2F73 /* firstViewController.swift in Sources */,
				B8CFABF1268477D7008E2F73 /* AppDelegate.swift in Sources */,
				B82D2FA62696D95A000E70B7 /* Location+CoreDataClass.swift in Sources */,
				B8BBF9E6268B49E100CEBE4B /* routesViewController.swift in Sources */,
				B8CFAC0A26847ABE008E2F73 /* thirdViewController.swift in Sources */,
				B82D2FBA2696FC08000E70B7 /* PreLoadRun+CoreDataProperties.swift in Sources */,
				B8563C0A2694461200FA20B9 /* personalPageViewController.swift in Sources */,
				B82D2FB42696FB19000E70B7 /* preLoadRoutes.xcdatamodeld in Sources */,
				B82D2FBC2696FC08000E70B7 /* PreLoadLocation+CoreDataProperties.swift in Sources */,
				B82D2FA72696D95A000E70B7 /* Location+CoreDataProperties.swift in Sources */,
				B8CFABF3268477D7008E2F73 /* SceneDelegate.swift in Sources */,
				B8CFAC10268498F6008E2F73 /* FormatDisplay.swift in Sources */,
				B8CFAC0826847A92008E2F73 /* secondViewController.swift in Sources */,
				B8CFABFB268477D7008E2F73 /* RunningProject.xcdatamodeld in Sources */,
				B82D2FA02696D95A000E70B7 /* Run+CoreDataClass.swift in Sources */,
				B82D2FBB2696FC08000E70B7 /* PreLoadLocation+CoreDataClass.swift in Sources */,
				B82D2FA12696D95A000E70B7 /* Run+CoreDataProperties.swift in Sources */,
			);
			runOnlyForDeploymentPostprocessing = 0;
		};
/* End PBXSourcesBuildPhase section */

/* Begin PBXVariantGroup section */
		B8CFABF6268477D7008E2F73 /* Main.storyboard */ = {
			isa = PBXVariantGroup;
			children = (
				B8CFABF7268477D7008E2F73 /* Base */,
			);
			name = Main.storyboard;
			sourceTree = "<group>";
		};
		B8CFABFE268477DA008E2F73 /* LaunchScreen.storyboard */ = {
			isa = PBXVariantGroup;
			children = (
				B8CFABFF268477DA008E2F73 /* Base */,
			);
			name = LaunchScreen.storyboard;
			sourceTree = "<group>";
		};
/* End PBXVariantGroup section */

/* Begin XCBuildConfiguration section */
		B8CFAC02268477DA008E2F73 /* Debug */ = {
			isa = XCBuildConfiguration;
			buildSettings = {
				ALWAYS_SEARCH_USER_PATHS = NO;
				CLANG_ANALYZER_NONNULL = YES;
				CLANG_ANALYZER_NUMBER_OBJECT_CONVERSION = YES_AGGRESSIVE;
				CLANG_CXX_LANGUAGE_STANDARD = "gnu++14";
				CLANG_CXX_LIBRARY = "libc++";
				CLANG_ENABLE_MODULES = YES;
				CLANG_ENABLE_OBJC_ARC = YES;
				CLANG_ENABLE_OBJC_WEAK = YES;
				CLANG_WARN_BLOCK_CAPTURE_AUTORELEASING = YES;
				CLANG_WARN_BOOL_CONVERSION = YES;
				CLANG_WARN_COMMA = YES;
				CLANG_WARN_CONSTANT_CONVERSION = YES;
				CLANG_WARN_DEPRECATED_OBJC_IMPLEMENTATIONS = YES;
				CLANG_WARN_DIRECT_OBJC_ISA_USAGE = YES_ERROR;
				CLANG_WARN_DOCUMENTATION_COMMENTS = YES;
				CLANG_WARN_EMPTY_BODY = YES;
				CLANG_WARN_ENUM_CONVERSION = YES;
				CLANG_WARN_INFINITE_RECURSION = YES;
				CLANG_WARN_INT_CONVERSION = YES;
				CLANG_WARN_NON_LITERAL_NULL_CONVERSION = YES;
				CLANG_WARN_OBJC_IMPLICIT_RETAIN_SELF = YES;
				CLANG_WARN_OBJC_LITERAL_CONVERSION = YES;
				CLANG_WARN_OBJC_ROOT_CLASS = YES_ERROR;
				CLANG_WARN_QUOTED_INCLUDE_IN_FRAMEWORK_HEADER = YES;
				CLANG_WARN_RANGE_LOOP_ANALYSIS = YES;
				CLANG_WARN_STRICT_PROTOTYPES = YES;
				CLANG_WARN_SUSPICIOUS_MOVE = YES;
				CLANG_WARN_UNGUARDED_AVAILABILITY = YES_AGGRESSIVE;
				CLANG_WARN_UNREACHABLE_CODE = YES;
				CLANG_WARN__DUPLICATE_METHOD_MATCH = YES;
				COPY_PHASE_STRIP = NO;
				DEBUG_INFORMATION_FORMAT = dwarf;
				ENABLE_STRICT_OBJC_MSGSEND = YES;
				ENABLE_TESTABILITY = YES;
				GCC_C_LANGUAGE_STANDARD = gnu11;
				GCC_DYNAMIC_NO_PIC = NO;
				GCC_NO_COMMON_BLOCKS = YES;
				GCC_OPTIMIZATION_LEVEL = 0;
				GCC_PREPROCESSOR_DEFINITIONS = (
					"DEBUG=1",
					"$(inherited)",
				);
				GCC_WARN_64_TO_32_BIT_CONVERSION = YES;
				GCC_WARN_ABOUT_RETURN_TYPE = YES_ERROR;
				GCC_WARN_UNDECLARED_SELECTOR = YES;
				GCC_WARN_UNINITIALIZED_AUTOS = YES_AGGRESSIVE;
				GCC_WARN_UNUSED_FUNCTION = YES;
				GCC_WARN_UNUSED_VARIABLE = YES;
				IPHONEOS_DEPLOYMENT_TARGET = 14.5;
				MTL_ENABLE_DEBUG_INFO = INCLUDE_SOURCE;
				MTL_FAST_MATH = YES;
				ONLY_ACTIVE_ARCH = YES;
				SDKROOT = iphoneos;
				SWIFT_ACTIVE_COMPILATION_CONDITIONS = DEBUG;
				SWIFT_OPTIMIZATION_LEVEL = "-Onone";
			};
			name = Debug;
		};
		B8CFAC03268477DA008E2F73 /* Release */ = {
			isa = XCBuildConfiguration;
			buildSettings = {
				ALWAYS_SEARCH_USER_PATHS = NO;
				CLANG_ANALYZER_NONNULL = YES;
				CLANG_ANALYZER_NUMBER_OBJECT_CONVERSION = YES_AGGRESSIVE;
				CLANG_CXX_LANGUAGE_STANDARD = "gnu++14";
				CLANG_CXX_LIBRARY = "libc++";
				CLANG_ENABLE_MODULES = YES;
				CLANG_ENABLE_OBJC_ARC = YES;
				CLANG_ENABLE_OBJC_WEAK = YES;
				CLANG_WARN_BLOCK_CAPTURE_AUTORELEASING = YES;
				CLANG_WARN_BOOL_CONVERSION = YES;
				CLANG_WARN_COMMA = YES;
				CLANG_WARN_CONSTANT_CONVERSION = YES;
				CLANG_WARN_DEPRECATED_OBJC_IMPLEMENTATIONS = YES;
				CLANG_WARN_DIRECT_OBJC_ISA_USAGE = YES_ERROR;
				CLANG_WARN_DOCUMENTATION_COMMENTS = YES;
				CLANG_WARN_EMPTY_BODY = YES;
				CLANG_WARN_ENUM_CONVERSION = YES;
				CLANG_WARN_INFINITE_RECURSION = YES;
				CLANG_WARN_INT_CONVERSION = YES;
				CLANG_WARN_NON_LITERAL_NULL_CONVERSION = YES;
				CLANG_WARN_OBJC_IMPLICIT_RETAIN_SELF = YES;
				CLANG_WARN_OBJC_LITERAL_CONVERSION = YES;
				CLANG_WARN_OBJC_ROOT_CLASS = YES_ERROR;
				CLANG_WARN_QUOTED_INCLUDE_IN_FRAMEWORK_HEADER = YES;
				CLANG_WARN_RANGE_LOOP_ANALYSIS = YES;
				CLANG_WARN_STRICT_PROTOTYPES = YES;
				CLANG_WARN_SUSPICIOUS_MOVE = YES;
				CLANG_WARN_UNGUARDED_AVAILABILITY = YES_AGGRESSIVE;
				CLANG_WARN_UNREACHABLE_CODE = YES;
				CLANG_WARN__DUPLICATE_METHOD_MATCH = YES;
				COPY_PHASE_STRIP = NO;
				DEBUG_INFORMATION_FORMAT = "dwarf-with-dsym";
				ENABLE_NS_ASSERTIONS = NO;
				ENABLE_STRICT_OBJC_MSGSEND = YES;
				GCC_C_LANGUAGE_STANDARD = gnu11;
				GCC_NO_COMMON_BLOCKS = YES;
				GCC_WARN_64_TO_32_BIT_CONVERSION = YES;
				GCC_WARN_ABOUT_RETURN_TYPE = YES_ERROR;
				GCC_WARN_UNDECLARED_SELECTOR = YES;
				GCC_WARN_UNINITIALIZED_AUTOS = YES_AGGRESSIVE;
				GCC_WARN_UNUSED_FUNCTION = YES;
				GCC_WARN_UNUSED_VARIABLE = YES;
				IPHONEOS_DEPLOYMENT_TARGET = 14.5;
				MTL_ENABLE_DEBUG_INFO = NO;
				MTL_FAST_MATH = YES;
				SDKROOT = iphoneos;
				SWIFT_COMPILATION_MODE = wholemodule;
				SWIFT_OPTIMIZATION_LEVEL = "-O";
				VALIDATE_PRODUCT = YES;
			};
			name = Release;
		};
		B8CFAC05268477DA008E2F73 /* Debug */ = {
			isa = XCBuildConfiguration;
			buildSettings = {
				ASSETCATALOG_COMPILER_APPICON_NAME = AppIcon;
				ASSETCATALOG_COMPILER_GLOBAL_ACCENT_COLOR_NAME = AccentColor;
				CODE_SIGN_STYLE = Automatic;
				DEVELOPMENT_TEAM = D2HH5X7WYK;
				INFOPLIST_FILE = RunningProject/Info.plist;
				LD_RUNPATH_SEARCH_PATHS = (
					"$(inherited)",
					"@executable_path/Frameworks",
				);
				PRODUCT_BUNDLE_IDENTIFIER = "Jonatan-Wikstrom.RunningProject";
				PRODUCT_NAME = "$(TARGET_NAME)";
				SWIFT_VERSION = 5.0;
				TARGETED_DEVICE_FAMILY = "1,2";
			};
			name = Debug;
		};
		B8CFAC06268477DA008E2F73 /* Release */ = {
			isa = XCBuildConfiguration;
			buildSettings = {
				ASSETCATALOG_COMPILER_APPICON_NAME = AppIcon;
				ASSETCATALOG_COMPILER_GLOBAL_ACCENT_COLOR_NAME = AccentColor;
				CODE_SIGN_STYLE = Automatic;
				DEVELOPMENT_TEAM = D2HH5X7WYK;
				INFOPLIST_FILE = RunningProject/Info.plist;
				LD_RUNPATH_SEARCH_PATHS = (
					"$(inherited)",
					"@executable_path/Frameworks",
				);
				PRODUCT_BUNDLE_IDENTIFIER = "Jonatan-Wikstrom.RunningProject";
				PRODUCT_NAME = "$(TARGET_NAME)";
				SWIFT_VERSION = 5.0;
				TARGETED_DEVICE_FAMILY = "1,2";
			};
			name = Release;
		};
/* End XCBuildConfiguration section */

/* Begin XCConfigurationList section */
		B8CFABE8268477D7008E2F73 /* Build configuration list for PBXProject "RunningProject" */ = {
			isa = XCConfigurationList;
			buildConfigurations = (
				B8CFAC02268477DA008E2F73 /* Debug */,
				B8CFAC03268477DA008E2F73 /* Release */,
			);
			defaultConfigurationIsVisible = 0;
			defaultConfigurationName = Release;
		};
		B8CFAC04268477DA008E2F73 /* Build configuration list for PBXNativeTarget "RunningProject" */ = {
			isa = XCConfigurationList;
			buildConfigurations = (
				B8CFAC05268477DA008E2F73 /* Debug */,
				B8CFAC06268477DA008E2F73 /* Release */,
			);
			defaultConfigurationIsVisible = 0;
			defaultConfigurationName = Release;
		};
/* End XCConfigurationList section */

/* Begin XCVersionGroup section */
		B82D2FB22696FB19000E70B7 /* preLoadRoutes.xcdatamodeld */ = {
			isa = XCVersionGroup;
			children = (
				B82D2FB32696FB19000E70B7 /* preLoadRoutes.xcdatamodel */,
			);
			currentVersion = B82D2FB32696FB19000E70B7 /* preLoadRoutes.xcdatamodel */;
			path = preLoadRoutes.xcdatamodeld;
			sourceTree = "<group>";
			versionGroupType = wrapper.xcdatamodel;
		};
		B8CFABF9268477D7008E2F73 /* RunningProject.xcdatamodeld */ = {
			isa = XCVersionGroup;
			children = (
				B8CFABFA268477D7008E2F73 /* RunningProject.xcdatamodel */,
			);
			currentVersion = B8CFABFA268477D7008E2F73 /* RunningProject.xcdatamodel */;
			path = RunningProject.xcdatamodeld;
			sourceTree = "<group>";
			versionGroupType = wrapper.xcdatamodel;
		};
/* End XCVersionGroup section */
	};
	rootObject = B8CFABE5268477D7008E2F73 /* Project object */;
}
